// !$*UTF8*$!
{
	archiveVersion = 1;
	classes = {
	};
	objectVersion = 50;
	objects = {

/* Begin PBXBuildFile section */
		8305991B28EDC5CC003C6242 /* ActiveChatCell.swift in Sources */ = {isa = PBXBuildFile; fileRef = 8305991A28EDC5CC003C6242 /* ActiveChatCell.swift */; };
		8305991D28EDDF83003C6242 /* WaitingChatCell.swift in Sources */ = {isa = PBXBuildFile; fileRef = 8305991C28EDDF83003C6242 /* WaitingChatCell.swift */; };
		8305991F28EECBBB003C6242 /* SectionHeader.swift in Sources */ = {isa = PBXBuildFile; fileRef = 8305991E28EECBBB003C6242 /* SectionHeader.swift */; };
		F067963B23CC60EF00FEE63C /* AppDelegate.swift in Sources */ = {isa = PBXBuildFile; fileRef = F067963A23CC60EF00FEE63C /* AppDelegate.swift */; };
		F067963D23CC60EF00FEE63C /* SceneDelegate.swift in Sources */ = {isa = PBXBuildFile; fileRef = F067963C23CC60EF00FEE63C /* SceneDelegate.swift */; };
		F067963F23CC60EF00FEE63C /* ListViewController.swift in Sources */ = {isa = PBXBuildFile; fileRef = F067963E23CC60EF00FEE63C /* ListViewController.swift */; };
		F067964423CC60F100FEE63C /* Assets.xcassets in Resources */ = {isa = PBXBuildFile; fileRef = F067964323CC60F100FEE63C /* Assets.xcassets */; };
		F067964723CC60F100FEE63C /* LaunchScreen.storyboard in Resources */ = {isa = PBXBuildFile; fileRef = F067964523CC60F100FEE63C /* LaunchScreen.storyboard */; };
		F067964F23CC618700FEE63C /* model.json in Resources */ = {isa = PBXBuildFile; fileRef = F067964E23CC618700FEE63C /* model.json */; };
		F067965123CC618D00FEE63C /* MSection.swift in Sources */ = {isa = PBXBuildFile; fileRef = F067965023CC618D00FEE63C /* MSection.swift */; };
		F067965323CC619500FEE63C /* MChat.swift in Sources */ = {isa = PBXBuildFile; fileRef = F067965223CC619500FEE63C /* MChat.swift */; };
		F067965523CC61C200FEE63C /* Bundle + Extension.swift in Sources */ = {isa = PBXBuildFile; fileRef = F067965423CC61C200FEE63C /* Bundle + Extension.swift */; };
		F067965E23CC953D00FEE63C /* GradientView.swift in Sources */ = {isa = PBXBuildFile; fileRef = F067965D23CC953D00FEE63C /* GradientView.swift */; };
/* End PBXBuildFile section */

/* Begin PBXFileReference section */
		8305991A28EDC5CC003C6242 /* ActiveChatCell.swift */ = {isa = PBXFileReference; lastKnownFileType = sourcecode.swift; path = ActiveChatCell.swift; sourceTree = "<group>"; };
		8305991C28EDDF83003C6242 /* WaitingChatCell.swift */ = {isa = PBXFileReference; lastKnownFileType = sourcecode.swift; path = WaitingChatCell.swift; sourceTree = "<group>"; };
		8305991E28EECBBB003C6242 /* SectionHeader.swift */ = {isa = PBXFileReference; lastKnownFileType = sourcecode.swift; path = SectionHeader.swift; sourceTree = "<group>"; };
		F067963723CC60EF00FEE63C /* MultipleSections.app */ = {isa = PBXFileReference; explicitFileType = wrapper.application; includeInIndex = 0; path = MultipleSections.app; sourceTree = BUILT_PRODUCTS_DIR; };
		F067963A23CC60EF00FEE63C /* AppDelegate.swift */ = {isa = PBXFileReference; lastKnownFileType = sourcecode.swift; path = AppDelegate.swift; sourceTree = "<group>"; };
		F067963C23CC60EF00FEE63C /* SceneDelegate.swift */ = {isa = PBXFileReference; lastKnownFileType = sourcecode.swift; path = SceneDelegate.swift; sourceTree = "<group>"; };
		F067963E23CC60EF00FEE63C /* ListViewController.swift */ = {isa = PBXFileReference; lastKnownFileType = sourcecode.swift; path = ListViewController.swift; sourceTree = "<group>"; };
		F067964323CC60F100FEE63C /* Assets.xcassets */ = {isa = PBXFileReference; lastKnownFileType = folder.assetcatalog; path = Assets.xcassets; sourceTree = "<group>"; };
		F067964623CC60F100FEE63C /* Base */ = {isa = PBXFileReference; lastKnownFileType = file.storyboard; name = Base; path = Base.lproj/LaunchScreen.storyboard; sourceTree = "<group>"; };
		F067964823CC60F100FEE63C /* Info.plist */ = {isa = PBXFileReference; lastKnownFileType = text.plist.xml; path = Info.plist; sourceTree = "<group>"; };
		F067964E23CC618700FEE63C /* model.json */ = {isa = PBXFileReference; fileEncoding = 4; lastKnownFileType = text.json; path = model.json; sourceTree = "<group>"; };
		F067965023CC618D00FEE63C /* MSection.swift */ = {isa = PBXFileReference; fileEncoding = 4; lastKnownFileType = sourcecode.swift; path = MSection.swift; sourceTree = "<group>"; };
		F067965223CC619500FEE63C /* MChat.swift */ = {isa = PBXFileReference; fileEncoding = 4; lastKnownFileType = sourcecode.swift; path = MChat.swift; sourceTree = "<group>"; };
		F067965423CC61C200FEE63C /* Bundle + Extension.swift */ = {isa = PBXFileReference; fileEncoding = 4; lastKnownFileType = sourcecode.swift; path = "Bundle + Extension.swift"; sourceTree = "<group>"; };
		F067965D23CC953D00FEE63C /* GradientView.swift */ = {isa = PBXFileReference; fileEncoding = 4; lastKnownFileType = sourcecode.swift; path = GradientView.swift; sourceTree = "<group>"; };
/* End PBXFileReference section */

/* Begin PBXFrameworksBuildPhase section */
		F067963423CC60EF00FEE63C /* Frameworks */ = {
			isa = PBXFrameworksBuildPhase;
			buildActionMask = 2147483647;
			files = (
			);
			runOnlyForDeploymentPostprocessing = 0;
		};
/* End PBXFrameworksBuildPhase section */

/* Begin PBXGroup section */
		8305992028EED268003C6242 /* Cell */ = {
			isa = PBXGroup;
			children = (
				8305991A28EDC5CC003C6242 /* ActiveChatCell.swift */,
				8305991C28EDDF83003C6242 /* WaitingChatCell.swift */,
			);
			path = Cell;
			sourceTree = "<group>";
		};
		8305992128EED297003C6242 /* SectionHeader */ = {
			isa = PBXGroup;
			children = (
				8305991E28EECBBB003C6242 /* SectionHeader.swift */,
			);
			path = SectionHeader;
			sourceTree = "<group>";
		};
		F067962E23CC60EF00FEE63C = {
			isa = PBXGroup;
			children = (
				F067963923CC60EF00FEE63C /* MultipleSections */,
				F067963823CC60EF00FEE63C /* Products */,
			);
			sourceTree = "<group>";
		};
		F067963823CC60EF00FEE63C /* Products */ = {
			isa = PBXGroup;
			children = (
				F067963723CC60EF00FEE63C /* MultipleSections.app */,
			);
			name = Products;
			sourceTree = "<group>";
		};
		F067963923CC60EF00FEE63C /* MultipleSections */ = {
			isa = PBXGroup;
			children = (
				F067963A23CC60EF00FEE63C /* AppDelegate.swift */,
				F067963C23CC60EF00FEE63C /* SceneDelegate.swift */,
				F067965723CC61EC00FEE63C /* Models */,
				F067965823CC61F200FEE63C /* Controller */,
				8305992028EED268003C6242 /* Cell */,
				8305992128EED297003C6242 /* SectionHeader */,
				F067965623CC61E100FEE63C /* Extensions */,
				F067964E23CC618700FEE63C /* model.json */,
				F067964323CC60F100FEE63C /* Assets.xcassets */,
				F067964523CC60F100FEE63C /* LaunchScreen.storyboard */,
				F067964823CC60F100FEE63C /* Info.plist */,
			);
			path = MultipleSections;
			sourceTree = "<group>";
		};
		F067965623CC61E100FEE63C /* Extensions */ = {
			isa = PBXGroup;
			children = (
				F067965423CC61C200FEE63C /* Bundle + Extension.swift */,
				F067965D23CC953D00FEE63C /* GradientView.swift */,
			);
			path = Extensions;
			sourceTree = "<group>";
		};
		F067965723CC61EC00FEE63C /* Models */ = {
			isa = PBXGroup;
			children = (
				F067965023CC618D00FEE63C /* MSection.swift */,
				F067965223CC619500FEE63C /* MChat.swift */,
			);
			path = Models;
			sourceTree = "<group>";
		};
		F067965823CC61F200FEE63C /* Controller */ = {
			isa = PBXGroup;
			children = (
				F067963E23CC60EF00FEE63C /* ListViewController.swift */,
			);
			path = Controller;
			sourceTree = "<group>";
		};
/* End PBXGroup section */

/* Begin PBXNativeTarget section */
		F067963623CC60EF00FEE63C /* MultipleSections */ = {
			isa = PBXNativeTarget;
			buildConfigurationList = F067964B23CC60F100FEE63C /* Build configuration list for PBXNativeTarget "MultipleSections" */;
			buildPhases = (
				F067963323CC60EF00FEE63C /* Sources */,
				F067963423CC60EF00FEE63C /* Frameworks */,
				F067963523CC60EF00FEE63C /* Resources */,
			);
			buildRules = (
			);
			dependencies = (
			);
			name = MultipleSections;
			productName = MultipleSections;
			productReference = F067963723CC60EF00FEE63C /* MultipleSections.app */;
			productType = "com.apple.product-type.application";
		};
/* End PBXNativeTarget section */

/* Begin PBXProject section */
		F067962F23CC60EF00FEE63C /* Project object */ = {
			isa = PBXProject;
			attributes = {
				LastSwiftUpdateCheck = 1120;
				LastUpgradeCheck = 1120;
				ORGANIZATIONNAME = "Алексей Пархоменко";
				TargetAttributes = {
					F067963623CC60EF00FEE63C = {
						CreatedOnToolsVersion = 11.2.1;
					};
				};
			};
			buildConfigurationList = F067963223CC60EF00FEE63C /* Build configuration list for PBXProject "MultipleSections" */;
			compatibilityVersion = "Xcode 9.3";
			developmentRegion = en;
			hasScannedForEncodings = 0;
			knownRegions = (
				en,
				Base,
			);
			mainGroup = F067962E23CC60EF00FEE63C;
			productRefGroup = F067963823CC60EF00FEE63C /* Products */;
			projectDirPath = "";
			projectRoot = "";
			targets = (
				F067963623CC60EF00FEE63C /* MultipleSections */,
			);
		};
/* End PBXProject section */

/* Begin PBXResourcesBuildPhase section */
		F067963523CC60EF00FEE63C /* Resources */ = {
			isa = PBXResourcesBuildPhase;
			buildActionMask = 2147483647;
			files = (
				F067964723CC60F100FEE63C /* LaunchScreen.storyboard in Resources */,
				F067964F23CC618700FEE63C /* model.json in Resources */,
				F067964423CC60F100FEE63C /* Assets.xcassets in Resources */,
			);
			runOnlyForDeploymentPostprocessing = 0;
		};
/* End PBXResourcesBuildPhase section */

/* Begin PBXSourcesBuildPhase section */
		F067963323CC60EF00FEE63C /* Sources */ = {
			isa = PBXSourcesBuildPhase;
			buildActionMask = 2147483647;
			files = (
				F067963F23CC60EF00FEE63C /* ListViewController.swift in Sources */,
				8305991D28EDDF83003C6242 /* WaitingChatCell.swift in Sources */,
				F067965323CC619500FEE63C /* MChat.swift in Sources */,
				F067963B23CC60EF00FEE63C /* AppDelegate.swift in Sources */,
				8305991B28EDC5CC003C6242 /* ActiveChatCell.swift in Sources */,
				F067963D23CC60EF00FEE63C /* SceneDelegate.swift in Sources */,
				F067965E23CC953D00FEE63C /* GradientView.swift in Sources */,
				F067965123CC618D00FEE63C /* MSection.swift in Sources */,
				F067965523CC61C200FEE63C /* Bundle + Extension.swift in Sources */,
				8305991F28EECBBB003C6242 /* SectionHeader.swift in Sources */,
			);
			runOnlyForDeploymentPostprocessing = 0;
		};
/* End PBXSourcesBuildPhase section */

/* Begin PBXVariantGroup section */
		F067964523CC60F100FEE63C /* LaunchScreen.storyboard */ = {
			isa = PBXVariantGroup;
			children = (
				F067964623CC60F100FEE63C /* Base */,
			);
			name = LaunchScreen.storyboard;
			sourceTree = "<group>";
		};
/* End PBXVariantGroup section */

/* Begin XCBuildConfiguration section */
		F067964923CC60F100FEE63C /* Debug */ = {
			isa = XCBuildConfiguration;
			buildSettings = {
				ALWAYS_SEARCH_USER_PATHS = NO;
				CLANG_ANALYZER_NONNULL = YES;
				CLANG_ANALYZER_NUMBER_OBJECT_CONVERSION = YES_AGGRESSIVE;
				CLANG_CXX_LANGUAGE_STANDARD = "gnu++14";
				CLANG_CXX_LIBRARY = "libc++";
				CLANG_ENABLE_MODULES = YES;
				CLANG_ENABLE_OBJC_ARC = YES;
				CLANG_ENABLE_OBJC_WEAK = YES;
				CLANG_WARN_BLOCK_CAPTURE_AUTORELEASING = YES;
				CLANG_WARN_BOOL_CONVERSION = YES;
				CLANG_WARN_COMMA = YES;
				CLANG_WARN_CONSTANT_CONVERSION = YES;
				CLANG_WARN_DEPRECATED_OBJC_IMPLEMENTATIONS = YES;
				CLANG_WARN_DIRECT_OBJC_ISA_USAGE = YES_ERROR;
				CLANG_WARN_DOCUMENTATION_COMMENTS = YES;
				CLANG_WARN_EMPTY_BODY = YES;
				CLANG_WARN_ENUM_CONVERSION = YES;
				CLANG_WARN_INFINITE_RECURSION = YES;
				CLANG_WARN_INT_CONVERSION = YES;
				CLANG_WARN_NON_LITERAL_NULL_CONVERSION = YES;
				CLANG_WARN_OBJC_IMPLICIT_RETAIN_SELF = YES;
				CLANG_WARN_OBJC_LITERAL_CONVERSION = YES;
				CLANG_WARN_OBJC_ROOT_CLASS = YES_ERROR;
				CLANG_WARN_RANGE_LOOP_ANALYSIS = YES;
				CLANG_WARN_STRICT_PROTOTYPES = YES;
				CLANG_WARN_SUSPICIOUS_MOVE = YES;
				CLANG_WARN_UNGUARDED_AVAILABILITY = YES_AGGRESSIVE;
				CLANG_WARN_UNREACHABLE_CODE = YES;
				CLANG_WARN__DUPLICATE_METHOD_MATCH = YES;
				COPY_PHASE_STRIP = NO;
				DEBUG_INFORMATION_FORMAT = dwarf;
				ENABLE_STRICT_OBJC_MSGSEND = YES;
				ENABLE_TESTABILITY = YES;
				GCC_C_LANGUAGE_STANDARD = gnu11;
				GCC_DYNAMIC_NO_PIC = NO;
				GCC_NO_COMMON_BLOCKS = YES;
				GCC_OPTIMIZATION_LEVEL = 0;
				GCC_PREPROCESSOR_DEFINITIONS = (
					"DEBUG=1",
					"$(inherited)",
				);
				GCC_WARN_64_TO_32_BIT_CONVERSION = YES;
				GCC_WARN_ABOUT_RETURN_TYPE = YES_ERROR;
				GCC_WARN_UNDECLARED_SELECTOR = YES;
				GCC_WARN_UNINITIALIZED_AUTOS = YES_AGGRESSIVE;
				GCC_WARN_UNUSED_FUNCTION = YES;
				GCC_WARN_UNUSED_VARIABLE = YES;
				IPHONEOS_DEPLOYMENT_TARGET = 13.2;
				MTL_ENABLE_DEBUG_INFO = INCLUDE_SOURCE;
				MTL_FAST_MATH = YES;
				ONLY_ACTIVE_ARCH = YES;
				SDKROOT = iphoneos;
				SWIFT_ACTIVE_COMPILATION_CONDITIONS = DEBUG;
				SWIFT_OPTIMIZATION_LEVEL = "-Onone";
			};
			name = Debug;
		};
		F067964A23CC60F100FEE63C /* Release */ = {
			isa = XCBuildConfiguration;
			buildSettings = {
				ALWAYS_SEARCH_USER_PATHS = NO;
				CLANG_ANALYZER_NONNULL = YES;
				CLANG_ANALYZER_NUMBER_OBJECT_CONVERSION = YES_AGGRESSIVE;
				CLANG_CXX_LANGUAGE_STANDARD = "gnu++14";
				CLANG_CXX_LIBRARY = "libc++";
				CLANG_ENABLE_MODULES = YES;
				CLANG_ENABLE_OBJC_ARC = YES;
				CLANG_ENABLE_OBJC_WEAK = YES;
				CLANG_WARN_BLOCK_CAPTURE_AUTORELEASING = YES;
				CLANG_WARN_BOOL_CONVERSION = YES;
				CLANG_WARN_COMMA = YES;
				CLANG_WARN_CONSTANT_CONVERSION = YES;
				CLANG_WARN_DEPRECATED_OBJC_IMPLEMENTATIONS = YES;
				CLANG_WARN_DIRECT_OBJC_ISA_USAGE = YES_ERROR;
				CLANG_WARN_DOCUMENTATION_COMMENTS = YES;
				CLANG_WARN_EMPTY_BODY = YES;
				CLANG_WARN_ENUM_CONVERSION = YES;
				CLANG_WARN_INFINITE_RECURSION = YES;
				CLANG_WARN_INT_CONVERSION = YES;
				CLANG_WARN_NON_LITERAL_NULL_CONVERSION = YES;
				CLANG_WARN_OBJC_IMPLICIT_RETAIN_SELF = YES;
				CLANG_WARN_OBJC_LITERAL_CONVERSION = YES;
				CLANG_WARN_OBJC_ROOT_CLASS = YES_ERROR;
				CLANG_WARN_RANGE_LOOP_ANALYSIS = YES;
				CLANG_WARN_STRICT_PROTOTYPES = YES;
				CLANG_WARN_SUSPICIOUS_MOVE = YES;
				CLANG_WARN_UNGUARDED_AVAILABILITY = YES_AGGRESSIVE;
				CLANG_WARN_UNREACHABLE_CODE = YES;
				CLANG_WARN__DUPLICATE_METHOD_MATCH = YES;
				COPY_PHASE_STRIP = NO;
				DEBUG_INFORMATION_FORMAT = "dwarf-with-dsym";
				ENABLE_NS_ASSERTIONS = NO;
				ENABLE_STRICT_OBJC_MSGSEND = YES;
				GCC_C_LANGUAGE_STANDARD = gnu11;
				GCC_NO_COMMON_BLOCKS = YES;
				GCC_WARN_64_TO_32_BIT_CONVERSION = YES;
				GCC_WARN_ABOUT_RETURN_TYPE = YES_ERROR;
				GCC_WARN_UNDECLARED_SELECTOR = YES;
				GCC_WARN_UNINITIALIZED_AUTOS = YES_AGGRESSIVE;
				GCC_WARN_UNUSED_FUNCTION = YES;
				GCC_WARN_UNUSED_VARIABLE = YES;
				IPHONEOS_DEPLOYMENT_TARGET = 13.2;
				MTL_ENABLE_DEBUG_INFO = NO;
				MTL_FAST_MATH = YES;
				SDKROOT = iphoneos;
				SWIFT_COMPILATION_MODE = wholemodule;
				SWIFT_OPTIMIZATION_LEVEL = "-O";
				VALIDATE_PRODUCT = YES;
			};
			name = Release;
		};
		F067964C23CC60F100FEE63C /* Debug */ = {
			isa = XCBuildConfiguration;
			buildSettings = {
				ASSETCATALOG_COMPILER_APPICON_NAME = AppIcon;
				CODE_SIGN_STYLE = Automatic;
				DEVELOPMENT_TEAM = TSZQ4D456H;
				INFOPLIST_FILE = MultipleSections/Info.plist;
				LD_RUNPATH_SEARCH_PATHS = (
					"$(inherited)",
					"@executable_path/Frameworks",
				);
				PRODUCT_BUNDLE_IDENTIFIER = com.alexeyParkhomenko.MultipleSections;
				PRODUCT_NAME = "$(TARGET_NAME)";
				SWIFT_VERSION = 5.0;
				TARGETED_DEVICE_FAMILY = "1,2";
			};
			name = Debug;
		};
		F067964D23CC60F100FEE63C /* Release */ = {
			isa = XCBuildConfiguration;
			buildSettings = {
				ASSETCATALOG_COMPILER_APPICON_NAME = AppIcon;
				CODE_SIGN_STYLE = Automatic;
				DEVELOPMENT_TEAM = TSZQ4D456H;
				INFOPLIST_FILE = MultipleSections/Info.plist;
				LD_RUNPATH_SEARCH_PATHS = (
					"$(inherited)",
					"@executable_path/Frameworks",
				);
				PRODUCT_BUNDLE_IDENTIFIER = com.alexeyParkhomenko.MultipleSections;
				PRODUCT_NAME = "$(TARGET_NAME)";
				SWIFT_VERSION = 5.0;
				TARGETED_DEVICE_FAMILY = "1,2";
			};
			name = Release;
		};
/* End XCBuildConfiguration section */

/* Begin XCConfigurationList section */
		F067963223CC60EF00FEE63C /* Build configuration list for PBXProject "MultipleSections" */ = {
			isa = XCConfigurationList;
			buildConfigurations = (
				F067964923CC60F100FEE63C /* Debug */,
				F067964A23CC60F100FEE63C /* Release */,
			);
			defaultConfigurationIsVisible = 0;
			defaultConfigurationName = Release;
		};
		F067964B23CC60F100FEE63C /* Build configuration list for PBXNativeTarget "MultipleSections" */ = {
			isa = XCConfigurationList;
			buildConfigurations = (
				F067964C23CC60F100FEE63C /* Debug */,
				F067964D23CC60F100FEE63C /* Release */,
			);
			defaultConfigurationIsVisible = 0;
			defaultConfigurationName = Release;
		};
/* End XCConfigurationList section */
	};
	rootObject = F067962F23CC60EF00FEE63C /* Project object */;
}
